{
    "api-platform/core": {
        "version": "2.5",
        "recipe": {
            "repo": "github.com/symfony/recipes",
            "branch": "master",
            "version": "2.5",
            "ref": "05b57782a78c21a664a42055dc11cf1954ca36bb"
        },
        "files": [
            "config/packages/api_platform.yaml",
            "config/routes/api_platform.yaml",
            "src/Entity/.gitignore"
        ]
    },
    "camurphy/bootstrap-menu-bundle": {
        "version": "1.3.0"
    },
    "egulias/email-validator": {
        "version": "3.1.1"
    },
    "fakerphp/faker": {
        "version": "v1.16.0"
    },
    "fig/link-util": {
        "version": "1.1.2"
    },
    "hautelook/alice-bundle": {
        "version": "2.1",
        "recipe": {
            "repo": "github.com/symfony/recipes",
            "branch": "master",
            "version": "2.1",
            "ref": "ff94d76b2ec0c552b5d67d401f59ab8fd62f3d5f"
        },
        "files": [
            "config/packages/dev/hautelook_alice.yaml",
            "config/packages/test/hautelook_alice.yaml",
            "fixtures/.gitignore"
        ]
    },
    "jms/metadata": {
        "version": "2.5.1"
    },
    "lexik/form-filter-bundle": {
        "version": "v5.0.10"
    },
    "monolog/monolog": {
        "version": "1.26.1"
    },
    "myclabs/deep-copy": {
        "version": "1.10.2"
    },
    "nelmio/alice": {
        "version": "3.2",
        "recipe": {
            "repo": "github.com/symfony/recipes",
            "branch": "master",
            "version": "3.2",
            "ref": "0b9900ece737bec7752e4155c0164639dd9b0cb0"
        },
        "files": [
            "config/packages/dev/nelmio_alice.yaml",
            "config/packages/test/nelmio_alice.yaml"
        ]
    },
    "nelmio/cors-bundle": {
        "version": "1.5",
        "recipe": {
            "repo": "github.com/symfony/recipes",
            "branch": "master",
            "version": "1.5",
            "ref": "6bea22e6c564fba3a1391615cada1437d0bde39c"
        },
        "files": [
            "config/packages/nelmio_cors.yaml"
        ]
    },
    "phpdocumentor/reflection-common": {
        "version": "2.2.0"
    },
    "phpdocumentor/reflection-docblock": {
        "version": "5.2.2"
    },
    "phpdocumentor/type-resolver": {
        "version": "1.5.0"
    },
    "psr/link": {
        "version": "1.0.0"
    },
    "sebastian/comparator": {
        "version": "4.0.6"
    },
    "sebastian/diff": {
        "version": "4.0.4"
    },
    "sebastian/exporter": {
        "version": "4.0.3"
    },
    "sebastian/recursion-context": {
        "version": "4.0.4"
    },
    "sensio/framework-extra-bundle": {
        "version": "5.2",
        "recipe": {
            "repo": "github.com/symfony/recipes",
            "branch": "master",
            "version": "5.2",
            "ref": "fb7e19da7f013d0d422fa9bce16f5c510e27609b"
        },
        "files": [
            "config/packages/sensio_framework_extra.yaml"
        ]
    },
    "symfony/asset": {
        "version": "v4.4.27"
    },
    "symfony/browser-kit": {
        "version": "v4.4.27"
    },
    "symfony/css-selector": {
        "version": "v4.4.27"
    },
    "symfony/debug-bundle": {
        "version": "4.1",
        "recipe": {
            "repo": "github.com/symfony/recipes",
            "branch": "master",
            "version": "4.1",
            "ref": "0ce7a032d344fb7b661cd25d31914cd703ad445b"
        },
        "files": [
            "config/packages/dev/debug.yaml"
        ]
    },
    "symfony/dom-crawler": {
        "version": "v4.4.30"
    },
    "symfony/expression-language": {
        "version": "v4.4.30"
    },
    "symfony/form": {
        "version": "v4.4.31"
    },
    "symfony/http-client": {
        "version": "v4.4.31"
    },
    "symfony/inflector": {
        "version": "v4.4.27"
    },
    "symfony/intl": {
        "version": "v4.4.31"
    },
    "symfony/mailer": {
        "version": "4.3",
        "recipe": {
            "repo": "github.com/symfony/recipes",
            "branch": "master",
            "version": "4.3",
            "ref": "bbfc7e27257d3a3f12a6fb0a42540a42d9623a37"
        },
        "files": [
            "config/packages/mailer.yaml"
        ]
    },
    "symfony/monolog-bridge": {
        "version": "v4.4.27"
    },
    "symfony/monolog-bundle": {
        "version": "3.7",
        "recipe": {
            "repo": "github.com/symfony/recipes",
            "branch": "master",
            "version": "3.7",
            "ref": "a7bace7dbc5a7ed5608dbe2165e0774c87175fe6"
        },
        "files": [
            "config/packages/dev/monolog.yaml",
            "config/packages/prod/deprecations.yaml",
            "config/packages/prod/monolog.yaml",
            "config/packages/test/monolog.yaml"
        ]
    },
    "symfony/options-resolver": {
        "version": "v4.4.30"
    },
    "symfony/phpunit-bridge": {
        "version": "5.3",
        "recipe": {
            "repo": "github.com/symfony/recipes",
            "branch": "master",
            "version": "5.3",
            "ref": "97cb3dc7b0f39c7cfc4b7553504c9d7b7795de96"
        },
        "files": [
            ".env.test",
            "bin/phpunit",
            "phpunit.xml.dist",
            "tests/bootstrap.php"
        ]
    },
    "symfony/polyfill-intl-grapheme": {
        "version": "v1.23.1"
    },
    "symfony/polyfill-intl-icu": {
        "version": "v1.23.0"
    },
    "symfony/property-access": {
        "version": "v4.4.30"
    },
    "symfony/property-info": {
        "version": "v4.4.31"
    },
    "symfony/security-bundle": {
        "version": "4.4",
        "recipe": {
            "repo": "github.com/symfony/recipes",
            "branch": "master",
            "version": "4.4",
            "ref": "7b4408dc203049666fe23fabed23cbadc6d8440f"
        },
        "files": [
            "config/packages/security.yaml"
        ]
    },
    "symfony/security-core": {
        "version": "v4.4.31"
    },
    "symfony/security-csrf": {
        "version": "v4.4.27"
    },
    "symfony/security-guard": {
        "version": "v4.4.27"
    },
    "symfony/security-http": {
        "version": "v4.4.30"
    },
    "symfony/serializer": {
        "version": "v4.4.31"
    },
    "symfony/string": {
        "version": "v5.3.7"
    },
    "symfony/translation": {
        "version": "3.3",
        "recipe": {
            "repo": "github.com/symfony/recipes",
            "branch": "master",
            "version": "3.3",
            "ref": "2ad9d2545bce8ca1a863e50e92141f0b9d87ffcd"
        },
        "files": [
            "config/packages/translation.yaml",
            "translations/.gitignore"
        ]
    },
    "symfony/validator": {
        "version": "4.3",
        "recipe": {
            "repo": "github.com/symfony/recipes",
            "branch": "master",
            "version": "4.3",
            "ref": "3eb8df139ec05414489d55b97603c5f6ca0c44cb"
        },
        "files": [
            "config/packages/test/validator.yaml",
            "config/packages/validator.yaml"
        ]
    },
    "symfony/web-link": {
        "version": "v4.4.27"
    },
    "symfony/webpack-encore-bundle": {
        "version": "1.9",
        "recipe": {
            "repo": "github.com/symfony/recipes",
            "branch": "master",
            "version": "1.9",
            "ref": "0f274572ea315eb3b5884518a50ca43f211b4534"
        },
        "files": [
            "assets/app.js",
            "assets/bootstrap.js",
            "assets/controllers.json",
            "assets/controllers/hello_controller.js",
            "assets/styles/app.css",
            "config/packages/assets.yaml",
            "config/packages/prod/webpack_encore.yaml",
            "config/packages/test/webpack_encore.yaml",
            "config/packages/webpack_encore.yaml",
            "package.json",
            "webpack.config.js"
        ]
    },
    "theofidry/alice-data-fixtures": {
        "version": "1.0",
        "recipe": {
            "repo": "github.com/symfony/recipes",
            "branch": "master",
            "version": "1.0",
            "ref": "fe5a50faf580eb58f08ada2abe8afbd2d4941e05"
        }
    },
    "twig/extra-bundle": {
        "version": "v3.3.3"
    },
    "vich/uploader-bundle": {
        "version": "1.7",
        "recipe": {
            "repo": "github.com/symfony/recipes-contrib",
            "branch": "master",
            "version": "1.7",
            "ref": "c4f5755b37fb65b9c6a3cbdae91205c15a137ed4"
        },
        "files": [
            "config/packages/vich_uploader.yaml"
        ]
    },
    "webmozart/assert": {
        "version": "1.10.0"
    },
    "willdurand/negotiation": {
        "version": "3.0.0"
    }
}
